// !$*UTF8*$!
{
	archiveVersion = 1;
	classes = {
	};
	objectVersion = 50;
	objects = {

/* Begin PBXBuildFile section */
		172EA16625C2534000A18196 /* PreviewData.swift in Sources */ = {isa = PBXBuildFile; fileRef = 172EA16525C2534000A18196 /* PreviewData.swift */; };
		172EA16B25C2542400A18196 /* ActivityRepository.swift in Sources */ = {isa = PBXBuildFile; fileRef = 172EA16A25C2542400A18196 /* ActivityRepository.swift */; };
		172EA17025C2569B00A18196 /* RecentActivityViewModel.swift in Sources */ = {isa = PBXBuildFile; fileRef = 172EA16F25C2569B00A18196 /* RecentActivityViewModel.swift */; };
		172EA17525C256B000A18196 /* RecentActivityViewModelTests.swift in Sources */ = {isa = PBXBuildFile; fileRef = 172EA17425C256B000A18196 /* RecentActivityViewModelTests.swift */; };
		172EA17A25C32B4300A18196 /* Activity.swift in Sources */ = {isa = PBXBuildFile; fileRef = 172EA17925C32B4300A18196 /* Activity.swift */; };
		17762E0C25C102FB00BE89BD /* TriCoachApp.swift in Sources */ = {isa = PBXBuildFile; fileRef = 17762E0B25C102FB00BE89BD /* TriCoachApp.swift */; };
		17762E0E25C102FB00BE89BD /* ContentView.swift in Sources */ = {isa = PBXBuildFile; fileRef = 17762E0D25C102FB00BE89BD /* ContentView.swift */; };
		17762E1025C102FC00BE89BD /* Assets.xcassets in Resources */ = {isa = PBXBuildFile; fileRef = 17762E0F25C102FC00BE89BD /* Assets.xcassets */; };
		17762E1325C102FC00BE89BD /* Preview Assets.xcassets in Resources */ = {isa = PBXBuildFile; fileRef = 17762E1225C102FC00BE89BD /* Preview Assets.xcassets */; };
		17762E1E25C102FC00BE89BD /* TriCoachTests.swift in Sources */ = {isa = PBXBuildFile; fileRef = 17762E1D25C102FC00BE89BD /* TriCoachTests.swift */; };
		17762E2925C102FC00BE89BD /* TriCoachUITests.swift in Sources */ = {isa = PBXBuildFile; fileRef = 17762E2825C102FC00BE89BD /* TriCoachUITests.swift */; };
/* End PBXBuildFile section */

/* Begin PBXContainerItemProxy section */
		17762E1A25C102FC00BE89BD /* PBXContainerItemProxy */ = {
			isa = PBXContainerItemProxy;
			containerPortal = 17762E0025C102FB00BE89BD /* Project object */;
			proxyType = 1;
			remoteGlobalIDString = 17762E0725C102FB00BE89BD;
			remoteInfo = TriCoach;
		};
		17762E2525C102FC00BE89BD /* PBXContainerItemProxy */ = {
			isa = PBXContainerItemProxy;
			containerPortal = 17762E0025C102FB00BE89BD /* Project object */;
			proxyType = 1;
			remoteGlobalIDString = 17762E0725C102FB00BE89BD;
			remoteInfo = TriCoach;
		};
/* End PBXContainerItemProxy section */

/* Begin PBXFileReference section */
		172EA16525C2534000A18196 /* PreviewData.swift */ = {isa = PBXFileReference; lastKnownFileType = sourcecode.swift; path = PreviewData.swift; sourceTree = "<group>"; };
		172EA16A25C2542400A18196 /* ActivityRepository.swift */ = {isa = PBXFileReference; lastKnownFileType = sourcecode.swift; path = ActivityRepository.swift; sourceTree = "<group>"; };
		172EA16F25C2569B00A18196 /* RecentActivityViewModel.swift */ = {isa = PBXFileReference; lastKnownFileType = sourcecode.swift; path = RecentActivityViewModel.swift; sourceTree = "<group>"; };
		172EA17425C256B000A18196 /* RecentActivityViewModelTests.swift */ = {isa = PBXFileReference; lastKnownFileType = sourcecode.swift; path = RecentActivityViewModelTests.swift; sourceTree = "<group>"; };
		172EA17925C32B4300A18196 /* Activity.swift */ = {isa = PBXFileReference; lastKnownFileType = sourcecode.swift; path = Activity.swift; sourceTree = "<group>"; };
		17762E0825C102FB00BE89BD /* TriCoach.app */ = {isa = PBXFileReference; explicitFileType = wrapper.application; includeInIndex = 0; path = TriCoach.app; sourceTree = BUILT_PRODUCTS_DIR; };
		17762E0B25C102FB00BE89BD /* TriCoachApp.swift */ = {isa = PBXFileReference; lastKnownFileType = sourcecode.swift; path = TriCoachApp.swift; sourceTree = "<group>"; };
		17762E0D25C102FB00BE89BD /* ContentView.swift */ = {isa = PBXFileReference; lastKnownFileType = sourcecode.swift; path = ContentView.swift; sourceTree = "<group>"; };
		17762E0F25C102FC00BE89BD /* Assets.xcassets */ = {isa = PBXFileReference; lastKnownFileType = folder.assetcatalog; path = Assets.xcassets; sourceTree = "<group>"; };
		17762E1225C102FC00BE89BD /* Preview Assets.xcassets */ = {isa = PBXFileReference; lastKnownFileType = folder.assetcatalog; path = "Preview Assets.xcassets"; sourceTree = "<group>"; };
		17762E1425C102FC00BE89BD /* Info.plist */ = {isa = PBXFileReference; lastKnownFileType = text.plist.xml; path = Info.plist; sourceTree = "<group>"; };
		17762E1925C102FC00BE89BD /* TriCoachTests.xctest */ = {isa = PBXFileReference; explicitFileType = wrapper.cfbundle; includeInIndex = 0; path = TriCoachTests.xctest; sourceTree = BUILT_PRODUCTS_DIR; };
		17762E1D25C102FC00BE89BD /* TriCoachTests.swift */ = {isa = PBXFileReference; lastKnownFileType = sourcecode.swift; path = TriCoachTests.swift; sourceTree = "<group>"; };
		17762E1F25C102FC00BE89BD /* Info.plist */ = {isa = PBXFileReference; lastKnownFileType = text.plist.xml; path = Info.plist; sourceTree = "<group>"; };
		17762E2425C102FC00BE89BD /* TriCoachUITests.xctest */ = {isa = PBXFileReference; explicitFileType = wrapper.cfbundle; includeInIndex = 0; path = TriCoachUITests.xctest; sourceTree = BUILT_PRODUCTS_DIR; };
		17762E2825C102FC00BE89BD /* TriCoachUITests.swift */ = {isa = PBXFileReference; lastKnownFileType = sourcecode.swift; path = TriCoachUITests.swift; sourceTree = "<group>"; };
		17762E2A25C102FC00BE89BD /* Info.plist */ = {isa = PBXFileReference; lastKnownFileType = text.plist.xml; path = Info.plist; sourceTree = "<group>"; };
/* End PBXFileReference section */

/* Begin PBXFrameworksBuildPhase section */
		17762E0525C102FB00BE89BD /* Frameworks */ = {
			isa = PBXFrameworksBuildPhase;
			buildActionMask = 2147483647;
			files = (
			);
			runOnlyForDeploymentPostprocessing = 0;
		};
		17762E1625C102FC00BE89BD /* Frameworks */ = {
			isa = PBXFrameworksBuildPhase;
			buildActionMask = 2147483647;
			files = (
			);
			runOnlyForDeploymentPostprocessing = 0;
		};
		17762E2125C102FC00BE89BD /* Frameworks */ = {
			isa = PBXFrameworksBuildPhase;
			buildActionMask = 2147483647;
			files = (
			);
			runOnlyForDeploymentPostprocessing = 0;
		};
/* End PBXFrameworksBuildPhase section */

/* Begin PBXGroup section */
		17762DFF25C102FB00BE89BD = {
			isa = PBXGroup;
			children = (
				17762E0A25C102FB00BE89BD /* TriCoach */,
				17762E1C25C102FC00BE89BD /* TriCoachTests */,
				17762E2725C102FC00BE89BD /* TriCoachUITests */,
				17762E0925C102FB00BE89BD /* Products */,
			);
			sourceTree = "<group>";
		};
		17762E0925C102FB00BE89BD /* Products */ = {
			isa = PBXGroup;
			children = (
				17762E0825C102FB00BE89BD /* TriCoach.app */,
				17762E1925C102FC00BE89BD /* TriCoachTests.xctest */,
				17762E2425C102FC00BE89BD /* TriCoachUITests.xctest */,
			);
			name = Products;
			sourceTree = "<group>";
		};
		17762E0A25C102FB00BE89BD /* TriCoach */ = {
			isa = PBXGroup;
			children = (
				17762E0B25C102FB00BE89BD /* TriCoachApp.swift */,
				17762E0D25C102FB00BE89BD /* ContentView.swift */,
				172EA16F25C2569B00A18196 /* RecentActivityViewModel.swift */,
				172EA16A25C2542400A18196 /* ActivityRepository.swift */,
				172EA16525C2534000A18196 /* PreviewData.swift */,
				172EA17925C32B4300A18196 /* Activity.swift */,
				17762E0F25C102FC00BE89BD /* Assets.xcassets */,
				17762E1425C102FC00BE89BD /* Info.plist */,
				17762E1125C102FC00BE89BD /* Preview Content */,
			);
			path = TriCoach;
			sourceTree = "<group>";
		};
		17762E1125C102FC00BE89BD /* Preview Content */ = {
			isa = PBXGroup;
			children = (
				17762E1225C102FC00BE89BD /* Preview Assets.xcassets */,
			);
			path = "Preview Content";
			sourceTree = "<group>";
		};
		17762E1C25C102FC00BE89BD /* TriCoachTests */ = {
			isa = PBXGroup;
			children = (
				17762E1D25C102FC00BE89BD /* TriCoachTests.swift */,
				172EA17425C256B000A18196 /* RecentActivityViewModelTests.swift */,
				17762E1F25C102FC00BE89BD /* Info.plist */,
			);
			path = TriCoachTests;
			sourceTree = "<group>";
		};
		17762E2725C102FC00BE89BD /* TriCoachUITests */ = {
			isa = PBXGroup;
			children = (
				17762E2825C102FC00BE89BD /* TriCoachUITests.swift */,
				17762E2A25C102FC00BE89BD /* Info.plist */,
			);
			path = TriCoachUITests;
			sourceTree = "<group>";
		};
/* End PBXGroup section */

/* Begin PBXNativeTarget section */
		17762E0725C102FB00BE89BD /* TriCoach */ = {
			isa = PBXNativeTarget;
			buildConfigurationList = 17762E2D25C102FC00BE89BD /* Build configuration list for PBXNativeTarget "TriCoach" */;
			buildPhases = (
				17762E0425C102FB00BE89BD /* Sources */,
				17762E0525C102FB00BE89BD /* Frameworks */,
				17762E0625C102FB00BE89BD /* Resources */,
			);
			buildRules = (
			);
			dependencies = (
			);
			name = TriCoach;
			productName = TriCoach;
			productReference = 17762E0825C102FB00BE89BD /* TriCoach.app */;
			productType = "com.apple.product-type.application";
		};
		17762E1825C102FC00BE89BD /* TriCoachTests */ = {
			isa = PBXNativeTarget;
			buildConfigurationList = 17762E3025C102FC00BE89BD /* Build configuration list for PBXNativeTarget "TriCoachTests" */;
			buildPhases = (
				17762E1525C102FC00BE89BD /* Sources */,
				17762E1625C102FC00BE89BD /* Frameworks */,
				17762E1725C102FC00BE89BD /* Resources */,
			);
			buildRules = (
			);
			dependencies = (
				17762E1B25C102FC00BE89BD /* PBXTargetDependency */,
			);
			name = TriCoachTests;
			productName = TriCoachTests;
			productReference = 17762E1925C102FC00BE89BD /* TriCoachTests.xctest */;
			productType = "com.apple.product-type.bundle.unit-test";
		};
		17762E2325C102FC00BE89BD /* TriCoachUITests */ = {
			isa = PBXNativeTarget;
			buildConfigurationList = 17762E3325C102FC00BE89BD /* Build configuration list for PBXNativeTarget "TriCoachUITests" */;
			buildPhases = (
				17762E2025C102FC00BE89BD /* Sources */,
				17762E2125C102FC00BE89BD /* Frameworks */,
				17762E2225C102FC00BE89BD /* Resources */,
			);
			buildRules = (
			);
			dependencies = (
				17762E2625C102FC00BE89BD /* PBXTargetDependency */,
			);
			name = TriCoachUITests;
			productName = TriCoachUITests;
			productReference = 17762E2425C102FC00BE89BD /* TriCoachUITests.xctest */;
			productType = "com.apple.product-type.bundle.ui-testing";
		};
/* End PBXNativeTarget section */

/* Begin PBXProject section */
		17762E0025C102FB00BE89BD /* Project object */ = {
			isa = PBXProject;
			attributes = {
				LastSwiftUpdateCheck = 1230;
				LastUpgradeCheck = 1230;
				TargetAttributes = {
					17762E0725C102FB00BE89BD = {
						CreatedOnToolsVersion = 12.3;
					};
					17762E1825C102FC00BE89BD = {
						CreatedOnToolsVersion = 12.3;
						TestTargetID = 17762E0725C102FB00BE89BD;
					};
					17762E2325C102FC00BE89BD = {
						CreatedOnToolsVersion = 12.3;
						TestTargetID = 17762E0725C102FB00BE89BD;
					};
				};
			};
			buildConfigurationList = 17762E0325C102FB00BE89BD /* Build configuration list for PBXProject "TriCoach" */;
			compatibilityVersion = "Xcode 9.3";
			developmentRegion = en;
			hasScannedForEncodings = 0;
			knownRegions = (
				en,
				Base,
			);
			mainGroup = 17762DFF25C102FB00BE89BD;
			productRefGroup = 17762E0925C102FB00BE89BD /* Products */;
			projectDirPath = "";
			projectRoot = "";
			targets = (
				17762E0725C102FB00BE89BD /* TriCoach */,
				17762E1825C102FC00BE89BD /* TriCoachTests */,
				17762E2325C102FC00BE89BD /* TriCoachUITests */,
			);
		};
/* End PBXProject section */

/* Begin PBXResourcesBuildPhase section */
		17762E0625C102FB00BE89BD /* Resources */ = {
			isa = PBXResourcesBuildPhase;
			buildActionMask = 2147483647;
			files = (
				17762E1325C102FC00BE89BD /* Preview Assets.xcassets in Resources */,
				17762E1025C102FC00BE89BD /* Assets.xcassets in Resources */,
			);
			runOnlyForDeploymentPostprocessing = 0;
		};
		17762E1725C102FC00BE89BD /* Resources */ = {
			isa = PBXResourcesBuildPhase;
			buildActionMask = 2147483647;
			files = (
			);
			runOnlyForDeploymentPostprocessing = 0;
		};
		17762E2225C102FC00BE89BD /* Resources */ = {
			isa = PBXResourcesBuildPhase;
			buildActionMask = 2147483647;
			files = (
			);
			runOnlyForDeploymentPostprocessing = 0;
		};
/* End PBXResourcesBuildPhase section */

/* Begin PBXSourcesBuildPhase section */
		17762E0425C102FB00BE89BD /* Sources */ = {
			isa = PBXSourcesBuildPhase;
			buildActionMask = 2147483647;
			files = (
				172EA17A25C32B4300A18196 /* Activity.swift in Sources */,
				172EA17025C2569B00A18196 /* RecentActivityViewModel.swift in Sources */,
				172EA16B25C2542400A18196 /* ActivityRepository.swift in Sources */,
				17762E0E25C102FB00BE89BD /* ContentView.swift in Sources */,
				17762E0C25C102FB00BE89BD /* TriCoachApp.swift in Sources */,
				172EA16625C2534000A18196 /* PreviewData.swift in Sources */,
			);
			runOnlyForDeploymentPostprocessing = 0;
		};
		17762E1525C102FC00BE89BD /* Sources */ = {
			isa = PBXSourcesBuildPhase;
			buildActionMask = 2147483647;
			files = (
				172EA17525C256B000A18196 /* RecentActivityViewModelTests.swift in Sources */,
				17762E1E25C102FC00BE89BD /* TriCoachTests.swift in Sources */,
			);
			runOnlyForDeploymentPostprocessing = 0;
		};
		17762E2025C102FC00BE89BD /* Sources */ = {
			isa = PBXSourcesBuildPhase;
			buildActionMask = 2147483647;
			files = (
				17762E2925C102FC00BE89BD /* TriCoachUITests.swift in Sources */,
			);
			runOnlyForDeploymentPostprocessing = 0;
		};
/* End PBXSourcesBuildPhase section */

/* Begin PBXTargetDependency section */
		17762E1B25C102FC00BE89BD /* PBXTargetDependency */ = {
			isa = PBXTargetDependency;
			target = 17762E0725C102FB00BE89BD /* TriCoach */;
			targetProxy = 17762E1A25C102FC00BE89BD /* PBXContainerItemProxy */;
		};
		17762E2625C102FC00BE89BD /* PBXTargetDependency */ = {
			isa = PBXTargetDependency;
			target = 17762E0725C102FB00BE89BD /* TriCoach */;
			targetProxy = 17762E2525C102FC00BE89BD /* PBXContainerItemProxy */;
		};
/* End PBXTargetDependency section */

/* Begin XCBuildConfiguration section */
		17762E2B25C102FC00BE89BD /* Debug */ = {
			isa = XCBuildConfiguration;
			buildSettings = {
				ALWAYS_SEARCH_USER_PATHS = NO;
				CLANG_ANALYZER_NONNULL = YES;
				CLANG_ANALYZER_NUMBER_OBJECT_CONVERSION = YES_AGGRESSIVE;
				CLANG_CXX_LANGUAGE_STANDARD = "gnu++14";
				CLANG_CXX_LIBRARY = "libc++";
				CLANG_ENABLE_MODULES = YES;
				CLANG_ENABLE_OBJC_ARC = YES;
				CLANG_ENABLE_OBJC_WEAK = YES;
				CLANG_WARN_BLOCK_CAPTURE_AUTORELEASING = YES;
				CLANG_WARN_BOOL_CONVERSION = YES;
				CLANG_WARN_COMMA = YES;
				CLANG_WARN_CONSTANT_CONVERSION = YES;
				CLANG_WARN_DEPRECATED_OBJC_IMPLEMENTATIONS = YES;
				CLANG_WARN_DIRECT_OBJC_ISA_USAGE = YES_ERROR;
				CLANG_WARN_DOCUMENTATION_COMMENTS = YES;
				CLANG_WARN_EMPTY_BODY = YES;
				CLANG_WARN_ENUM_CONVERSION = YES;
				CLANG_WARN_INFINITE_RECURSION = YES;
				CLANG_WARN_INT_CONVERSION = YES;
				CLANG_WARN_NON_LITERAL_NULL_CONVERSION = YES;
				CLANG_WARN_OBJC_IMPLICIT_RETAIN_SELF = YES;
				CLANG_WARN_OBJC_LITERAL_CONVERSION = YES;
				CLANG_WARN_OBJC_ROOT_CLASS = YES_ERROR;
				CLANG_WARN_QUOTED_INCLUDE_IN_FRAMEWORK_HEADER = YES;
				CLANG_WARN_RANGE_LOOP_ANALYSIS = YES;
				CLANG_WARN_STRICT_PROTOTYPES = YES;
				CLANG_WARN_SUSPICIOUS_MOVE = YES;
				CLANG_WARN_UNGUARDED_AVAILABILITY = YES_AGGRESSIVE;
				CLANG_WARN_UNREACHABLE_CODE = YES;
				CLANG_WARN__DUPLICATE_METHOD_MATCH = YES;
				COPY_PHASE_STRIP = NO;
				DEBUG_INFORMATION_FORMAT = dwarf;
				ENABLE_STRICT_OBJC_MSGSEND = YES;
				ENABLE_TESTABILITY = YES;
				GCC_C_LANGUAGE_STANDARD = gnu11;
				GCC_DYNAMIC_NO_PIC = NO;
				GCC_NO_COMMON_BLOCKS = YES;
				GCC_OPTIMIZATION_LEVEL = 0;
				GCC_PREPROCESSOR_DEFINITIONS = (
					"DEBUG=1",
					"$(inherited)",
				);
				GCC_WARN_64_TO_32_BIT_CONVERSION = YES;
				GCC_WARN_ABOUT_RETURN_TYPE = YES_ERROR;
				GCC_WARN_UNDECLARED_SELECTOR = YES;
				GCC_WARN_UNINITIALIZED_AUTOS = YES_AGGRESSIVE;
				GCC_WARN_UNUSED_FUNCTION = YES;
				GCC_WARN_UNUSED_VARIABLE = YES;
				IPHONEOS_DEPLOYMENT_TARGET = 14.3;
				MTL_ENABLE_DEBUG_INFO = INCLUDE_SOURCE;
				MTL_FAST_MATH = YES;
				ONLY_ACTIVE_ARCH = YES;
				SDKROOT = iphoneos;
				SWIFT_ACTIVE_COMPILATION_CONDITIONS = DEBUG;
				SWIFT_OPTIMIZATION_LEVEL = "-Onone";
			};
			name = Debug;
		};
		17762E2C25C102FC00BE89BD /* Release */ = {
			isa = XCBuildConfiguration;
			buildSettings = {
				ALWAYS_SEARCH_USER_PATHS = NO;
				CLANG_ANALYZER_NONNULL = YES;
				CLANG_ANALYZER_NUMBER_OBJECT_CONVERSION = YES_AGGRESSIVE;
				CLANG_CXX_LANGUAGE_STANDARD = "gnu++14";
				CLANG_CXX_LIBRARY = "libc++";
				CLANG_ENABLE_MODULES = YES;
				CLANG_ENABLE_OBJC_ARC = YES;
				CLANG_ENABLE_OBJC_WEAK = YES;
				CLANG_WARN_BLOCK_CAPTURE_AUTORELEASING = YES;
				CLANG_WARN_BOOL_CONVERSION = YES;
				CLANG_WARN_COMMA = YES;
				CLANG_WARN_CONSTANT_CONVERSION = YES;
				CLANG_WARN_DEPRECATED_OBJC_IMPLEMENTATIONS = YES;
				CLANG_WARN_DIRECT_OBJC_ISA_USAGE = YES_ERROR;
				CLANG_WARN_DOCUMENTATION_COMMENTS = YES;
				CLANG_WARN_EMPTY_BODY = YES;
				CLANG_WARN_ENUM_CONVERSION = YES;
				CLANG_WARN_INFINITE_RECURSION = YES;
				CLANG_WARN_INT_CONVERSION = YES;
				CLANG_WARN_NON_LITERAL_NULL_CONVERSION = YES;
				CLANG_WARN_OBJC_IMPLICIT_RETAIN_SELF = YES;
				CLANG_WARN_OBJC_LITERAL_CONVERSION = YES;
				CLANG_WARN_OBJC_ROOT_CLASS = YES_ERROR;
				CLANG_WARN_QUOTED_INCLUDE_IN_FRAMEWORK_HEADER = YES;
				CLANG_WARN_RANGE_LOOP_ANALYSIS = YES;
				CLANG_WARN_STRICT_PROTOTYPES = YES;
				CLANG_WARN_SUSPICIOUS_MOVE = YES;
				CLANG_WARN_UNGUARDED_AVAILABILITY = YES_AGGRESSIVE;
				CLANG_WARN_UNREACHABLE_CODE = YES;
				CLANG_WARN__DUPLICATE_METHOD_MATCH = YES;
				COPY_PHASE_STRIP = NO;
				DEBUG_INFORMATION_FORMAT = "dwarf-with-dsym";
				ENABLE_NS_ASSERTIONS = NO;
				ENABLE_STRICT_OBJC_MSGSEND = YES;
				GCC_C_LANGUAGE_STANDARD = gnu11;
				GCC_NO_COMMON_BLOCKS = YES;
				GCC_WARN_64_TO_32_BIT_CONVERSION = YES;
				GCC_WARN_ABOUT_RETURN_TYPE = YES_ERROR;
				GCC_WARN_UNDECLARED_SELECTOR = YES;
				GCC_WARN_UNINITIALIZED_AUTOS = YES_AGGRESSIVE;
				GCC_WARN_UNUSED_FUNCTION = YES;
				GCC_WARN_UNUSED_VARIABLE = YES;
				IPHONEOS_DEPLOYMENT_TARGET = 14.3;
				MTL_ENABLE_DEBUG_INFO = NO;
				MTL_FAST_MATH = YES;
				SDKROOT = iphoneos;
				SWIFT_COMPILATION_MODE = wholemodule;
				SWIFT_OPTIMIZATION_LEVEL = "-O";
				VALIDATE_PRODUCT = YES;
			};
			name = Release;
		};
		17762E2E25C102FC00BE89BD /* Debug */ = {
			isa = XCBuildConfiguration;
			buildSettings = {
				ASSETCATALOG_COMPILER_APPICON_NAME = AppIcon;
				ASSETCATALOG_COMPILER_GLOBAL_ACCENT_COLOR_NAME = AccentColor;
				CODE_SIGN_STYLE = Automatic;
				DEVELOPMENT_ASSET_PATHS = "\"TriCoach/Preview Content\"";
				DEVELOPMENT_TEAM = 9HX5X52TGA;
				ENABLE_PREVIEWS = YES;
				INFOPLIST_FILE = TriCoach/Info.plist;
				IPHONEOS_DEPLOYMENT_TARGET = 14.0;
				LD_RUNPATH_SEARCH_PATHS = (
					"$(inherited)",
					"@executable_path/Frameworks",
				);
				PRODUCT_BUNDLE_IDENTIFIER = com.duffneubauer.TriCoach;
				PRODUCT_NAME = "$(TARGET_NAME)";
				SWIFT_VERSION = 5.0;
				TARGETED_DEVICE_FAMILY = "1,2";
			};
			name = Debug;
		};
		17762E2F25C102FC00BE89BD /* Release */ = {
			isa = XCBuildConfiguration;
			buildSettings = {
				ASSETCATALOG_COMPILER_APPICON_NAME = AppIcon;
				ASSETCATALOG_COMPILER_GLOBAL_ACCENT_COLOR_NAME = AccentColor;
				CODE_SIGN_STYLE = Automatic;
				DEVELOPMENT_ASSET_PATHS = "\"TriCoach/Preview Content\"";
				DEVELOPMENT_TEAM = 9HX5X52TGA;
				ENABLE_PREVIEWS = YES;
				INFOPLIST_FILE = TriCoach/Info.plist;
				IPHONEOS_DEPLOYMENT_TARGET = 14.0;
				LD_RUNPATH_SEARCH_PATHS = (
					"$(inherited)",
					"@executable_path/Frameworks",
				);
				PRODUCT_BUNDLE_IDENTIFIER = com.duffneubauer.TriCoach;
				PRODUCT_NAME = "$(TARGET_NAME)";
				SWIFT_VERSION = 5.0;
				TARGETED_DEVICE_FAMILY = "1,2";
			};
			name = Release;
		};
		17762E3125C102FC00BE89BD /* Debug */ = {
			isa = XCBuildConfiguration;
			buildSettings = {
				ALWAYS_EMBED_SWIFT_STANDARD_LIBRARIES = YES;
				BUNDLE_LOADER = "$(TEST_HOST)";
				CODE_SIGN_STYLE = Automatic;
				DEVELOPMENT_TEAM = 9HX5X52TGA;
				INFOPLIST_FILE = TriCoachTests/Info.plist;
				IPHONEOS_DEPLOYMENT_TARGET = 14.0;
				LD_RUNPATH_SEARCH_PATHS = (
					"$(inherited)",
					"@executable_path/Frameworks",
					"@loader_path/Frameworks",
				);
				PRODUCT_BUNDLE_IDENTIFIER = com.duffneubauer.TriCoachTests;
				PRODUCT_NAME = "$(TARGET_NAME)";
				SWIFT_VERSION = 5.0;
				TARGETED_DEVICE_FAMILY = "1,2";
				TEST_HOST = "$(BUILT_PRODUCTS_DIR)/TriCoach.app/TriCoach";
			};
			name = Debug;
		};
		17762E3225C102FC00BE89BD /* Release */ = {
			isa = XCBuildConfiguration;
			buildSettings = {
				ALWAYS_EMBED_SWIFT_STANDARD_LIBRARIES = YES;
				BUNDLE_LOADER = "$(TEST_HOST)";
				CODE_SIGN_STYLE = Automatic;
				DEVELOPMENT_TEAM = 9HX5X52TGA;
				INFOPLIST_FILE = TriCoachTests/Info.plist;
				IPHONEOS_DEPLOYMENT_TARGET = 14.0;
				LD_RUNPATH_SEARCH_PATHS = (
					"$(inherited)",
					"@executable_path/Frameworks",
					"@loader_path/Frameworks",
				);
				PRODUCT_BUNDLE_IDENTIFIER = com.duffneubauer.TriCoachTests;
				PRODUCT_NAME = "$(TARGET_NAME)";
				SWIFT_VERSION = 5.0;
				TARGETED_DEVICE_FAMILY = "1,2";
				TEST_HOST = "$(BUILT_PRODUCTS_DIR)/TriCoach.app/TriCoach";
			};
			name = Release;
		};
		17762E3425C102FC00BE89BD /* Debug */ = {
			isa = XCBuildConfiguration;
			buildSettings = {
				ALWAYS_EMBED_SWIFT_STANDARD_LIBRARIES = YES;
				CODE_SIGN_STYLE = Automatic;
				DEVELOPMENT_TEAM = 9HX5X52TGA;
				INFOPLIST_FILE = TriCoachUITests/Info.plist;
				LD_RUNPATH_SEARCH_PATHS = (
					"$(inherited)",
					"@executable_path/Frameworks",
					"@loader_path/Frameworks",
				);
				PRODUCT_BUNDLE_IDENTIFIER = com.duffneubauer.TriCoachUITests;
				PRODUCT_NAME = "$(TARGET_NAME)";
				SWIFT_VERSION = 5.0;
				TARGETED_DEVICE_FAMILY = "1,2";
				TEST_TARGET_NAME = TriCoach;
			};
			name = Debug;
		};
		17762E3525C102FC00BE89BD /* Release */ = {
			isa = XCBuildConfiguration;
			buildSettings = {
				ALWAYS_EMBED_SWIFT_STANDARD_LIBRARIES = YES;
				CODE_SIGN_STYLE = Automatic;
				DEVELOPMENT_TEAM = 9HX5X52TGA;
				INFOPLIST_FILE = TriCoachUITests/Info.plist;
				LD_RUNPATH_SEARCH_PATHS = (
					"$(inherited)",
					"@executable_path/Frameworks",
					"@loader_path/Frameworks",
				);
				PRODUCT_BUNDLE_IDENTIFIER = com.duffneubauer.TriCoachUITests;
				PRODUCT_NAME = "$(TARGET_NAME)";
				SWIFT_VERSION = 5.0;
				TARGETED_DEVICE_FAMILY = "1,2";
				TEST_TARGET_NAME = TriCoach;
			};
			name = Release;
		};
/* End XCBuildConfiguration section */

/* Begin XCConfigurationList section */
		17762E0325C102FB00BE89BD /* Build configuration list for PBXProject "TriCoach" */ = {
			isa = XCConfigurationList;
			buildConfigurations = (
				17762E2B25C102FC00BE89BD /* Debug */,
				17762E2C25C102FC00BE89BD /* Release */,
			);
			defaultConfigurationIsVisible = 0;
			defaultConfigurationName = Release;
		};
		17762E2D25C102FC00BE89BD /* Build configuration list for PBXNativeTarget "TriCoach" */ = {
			isa = XCConfigurationList;
			buildConfigurations = (
				17762E2E25C102FC00BE89BD /* Debug */,
				17762E2F25C102FC00BE89BD /* Release */,
			);
			defaultConfigurationIsVisible = 0;
			defaultConfigurationName = Release;
		};
		17762E3025C102FC00BE89BD /* Build configuration list for PBXNativeTarget "TriCoachTests" */ = {
			isa = XCConfigurationList;
			buildConfigurations = (
				17762E3125C102FC00BE89BD /* Debug */,
				17762E3225C102FC00BE89BD /* Release */,
			);
			defaultConfigurationIsVisible = 0;
			defaultConfigurationName = Release;
		};
		17762E3325C102FC00BE89BD /* Build configuration list for PBXNativeTarget "TriCoachUITests" */ = {
			isa = XCConfigurationList;
			buildConfigurations = (
				17762E3425C102FC00BE89BD /* Debug */,
				17762E3525C102FC00BE89BD /* Release */,
			);
			defaultConfigurationIsVisible = 0;
			defaultConfigurationName = Release;
		};
/* End XCConfigurationList section */
	};
	rootObject = 17762E0025C102FB00BE89BD /* Project object */;
}
