// !$*UTF8*$!
{
	archiveVersion = 1;
	classes = {
	};
	objectVersion = 50;
	objects = {

/* Begin PBXBuildFile section */
		1718D03E25DC3B47005F919A /* TriCoach.swift in Sources */ = {isa = PBXBuildFile; fileRef = 1718D03D25DC3B47005F919A /* TriCoach.swift */; };
		172BC67E25E1CBCB00397448 /* LegacyMap.swift in Sources */ = {isa = PBXBuildFile; fileRef = 172BC67D25E1CBCB00397448 /* LegacyMap.swift */; };
		172DD1BF25CDB8F5009E3A83 /* Color+TriCoach.swift in Sources */ = {isa = PBXBuildFile; fileRef = 172DD1BE25CDB8F5009E3A83 /* Color+TriCoach.swift */; };
		172DD1C425CDB928009E3A83 /* ActivityServiceRepository.swift in Sources */ = {isa = PBXBuildFile; fileRef = 172DD1C325CDB928009E3A83 /* ActivityServiceRepository.swift */; };
		172EA16625C2534000A18196 /* PreviewData.swift in Sources */ = {isa = PBXBuildFile; fileRef = 172EA16525C2534000A18196 /* PreviewData.swift */; };
		172EA17525C256B000A18196 /* ActivityCatalogViewModelTests.swift in Sources */ = {isa = PBXBuildFile; fileRef = 172EA17425C256B000A18196 /* ActivityCatalogViewModelTests.swift */; };
		172EA17A25C32B4300A18196 /* Activity.swift in Sources */ = {isa = PBXBuildFile; fileRef = 172EA17925C32B4300A18196 /* Activity.swift */; };
		172F3B2925CA20A100B5F199 /* MeasurementFormatter+Sports.swift in Sources */ = {isa = PBXBuildFile; fileRef = 172F3B2825CA20A100B5F199 /* MeasurementFormatter+Sports.swift */; };
		172F3B2F25CA248200B5F199 /* Activity+TestHelpers.swift in Sources */ = {isa = PBXBuildFile; fileRef = 172F3B2E25CA248200B5F199 /* Activity+TestHelpers.swift */; };
		172F3B3B25CA24D800B5F199 /* Date+TestHelpers.swift in Sources */ = {isa = PBXBuildFile; fileRef = 172F3B3A25CA24D800B5F199 /* Date+TestHelpers.swift */; };
		172F3B4025CA250400B5F199 /* MockActivityRepository.swift in Sources */ = {isa = PBXBuildFile; fileRef = 172F3B3F25CA250400B5F199 /* MockActivityRepository.swift */; };
		172F3B4525CA253000B5F199 /* XCTestCase+Combine.swift in Sources */ = {isa = PBXBuildFile; fileRef = 172F3B4425CA253000B5F199 /* XCTestCase+Combine.swift */; };
		172F3B5625CB326100B5F199 /* HealthKitActivityServiceTests.swift in Sources */ = {isa = PBXBuildFile; fileRef = 172F3B5525CB326100B5F199 /* HealthKitActivityServiceTests.swift */; };
		1749790C25DD75FF0060D612 /* FlatList.swift in Sources */ = {isa = PBXBuildFile; fileRef = 1749790B25DD75FF0060D612 /* FlatList.swift */; };
		1749791125DD774B0060D612 /* ActivitySummaryView.swift in Sources */ = {isa = PBXBuildFile; fileRef = 1749791025DD774B0060D612 /* ActivitySummaryView.swift */; };
		1749791925DD77B30060D612 /* ActivityBrowser.swift in Sources */ = {isa = PBXBuildFile; fileRef = 1749791825DD77B30060D612 /* ActivityBrowser.swift */; };
		174B43B525D6DE0900FAC32F /* SettingsStore.swift in Sources */ = {isa = PBXBuildFile; fileRef = 174B43B425D6DE0900FAC32F /* SettingsStore.swift */; };
		17762E0C25C102FB00BE89BD /* TriCoachApp.swift in Sources */ = {isa = PBXBuildFile; fileRef = 17762E0B25C102FB00BE89BD /* TriCoachApp.swift */; };
		17762E0E25C102FB00BE89BD /* ActivityCatalogView.swift in Sources */ = {isa = PBXBuildFile; fileRef = 17762E0D25C102FB00BE89BD /* ActivityCatalogView.swift */; };
		17762E1025C102FC00BE89BD /* Assets.xcassets in Resources */ = {isa = PBXBuildFile; fileRef = 17762E0F25C102FC00BE89BD /* Assets.xcassets */; };
		17762E1325C102FC00BE89BD /* Preview Assets.xcassets in Resources */ = {isa = PBXBuildFile; fileRef = 17762E1225C102FC00BE89BD /* Preview Assets.xcassets */; };
		17762E2925C102FC00BE89BD /* TriCoachUITests.swift in Sources */ = {isa = PBXBuildFile; fileRef = 17762E2825C102FC00BE89BD /* TriCoachUITests.swift */; };
		1785C51A25D44C890016B88D /* Tile.swift in Sources */ = {isa = PBXBuildFile; fileRef = 1785C51925D44C890016B88D /* Tile.swift */; };
		178F116B25CC855D0047BC3F /* ActivityServiceRepositoryTests.swift in Sources */ = {isa = PBXBuildFile; fileRef = 178F116A25CC855D0047BC3F /* ActivityServiceRepositoryTests.swift */; };
		178F117B25CC987D0047BC3F /* HealthKit.framework in Frameworks */ = {isa = PBXBuildFile; fileRef = 178F117A25CC987D0047BC3F /* HealthKit.framework */; };
		179CB64E25D2DDC1001D767C /* ActivityDetailsView.swift in Sources */ = {isa = PBXBuildFile; fileRef = 179CB64D25D2DDC1001D767C /* ActivityDetailsView.swift */; };
		17F3346625C9E4C700FF31C9 /* GranularRelativeDateFormatter.swift in Sources */ = {isa = PBXBuildFile; fileRef = 17F3346525C9E4C700FF31C9 /* GranularRelativeDateFormatter.swift */; };
		17FE2CE325D60048006E516D /* ActivityStore.swift in Sources */ = {isa = PBXBuildFile; fileRef = 17FE2CE225D60048006E516D /* ActivityStore.swift */; };
/* End PBXBuildFile section */

/* Begin PBXContainerItemProxy section */
		17762E1A25C102FC00BE89BD /* PBXContainerItemProxy */ = {
			isa = PBXContainerItemProxy;
			containerPortal = 17762E0025C102FB00BE89BD /* Project object */;
			proxyType = 1;
			remoteGlobalIDString = 17762E0725C102FB00BE89BD;
			remoteInfo = TriCoach;
		};
		17762E2525C102FC00BE89BD /* PBXContainerItemProxy */ = {
			isa = PBXContainerItemProxy;
			containerPortal = 17762E0025C102FB00BE89BD /* Project object */;
			proxyType = 1;
			remoteGlobalIDString = 17762E0725C102FB00BE89BD;
			remoteInfo = TriCoach;
		};
/* End PBXContainerItemProxy section */

/* Begin PBXFileReference section */
		1718D03D25DC3B47005F919A /* TriCoach.swift */ = {isa = PBXFileReference; lastKnownFileType = sourcecode.swift; path = TriCoach.swift; sourceTree = "<group>"; };
		172BC67D25E1CBCB00397448 /* LegacyMap.swift */ = {isa = PBXFileReference; lastKnownFileType = sourcecode.swift; path = LegacyMap.swift; sourceTree = "<group>"; };
		172DD1BE25CDB8F5009E3A83 /* Color+TriCoach.swift */ = {isa = PBXFileReference; lastKnownFileType = sourcecode.swift; path = "Color+TriCoach.swift"; sourceTree = "<group>"; };
		172DD1C325CDB928009E3A83 /* ActivityServiceRepository.swift */ = {isa = PBXFileReference; lastKnownFileType = sourcecode.swift; path = ActivityServiceRepository.swift; sourceTree = "<group>"; };
		172EA16525C2534000A18196 /* PreviewData.swift */ = {isa = PBXFileReference; lastKnownFileType = sourcecode.swift; path = PreviewData.swift; sourceTree = "<group>"; };
		172EA17425C256B000A18196 /* ActivityCatalogViewModelTests.swift */ = {isa = PBXFileReference; lastKnownFileType = sourcecode.swift; path = ActivityCatalogViewModelTests.swift; sourceTree = "<group>"; };
		172EA17925C32B4300A18196 /* Activity.swift */ = {isa = PBXFileReference; lastKnownFileType = sourcecode.swift; path = Activity.swift; sourceTree = "<group>"; };
		172F3B2825CA20A100B5F199 /* MeasurementFormatter+Sports.swift */ = {isa = PBXFileReference; lastKnownFileType = sourcecode.swift; path = "MeasurementFormatter+Sports.swift"; sourceTree = "<group>"; };
		172F3B2E25CA248200B5F199 /* Activity+TestHelpers.swift */ = {isa = PBXFileReference; lastKnownFileType = sourcecode.swift; path = "Activity+TestHelpers.swift"; sourceTree = "<group>"; };
		172F3B3A25CA24D800B5F199 /* Date+TestHelpers.swift */ = {isa = PBXFileReference; lastKnownFileType = sourcecode.swift; path = "Date+TestHelpers.swift"; sourceTree = "<group>"; };
		172F3B3F25CA250400B5F199 /* MockActivityRepository.swift */ = {isa = PBXFileReference; lastKnownFileType = sourcecode.swift; path = MockActivityRepository.swift; sourceTree = "<group>"; };
		172F3B4425CA253000B5F199 /* XCTestCase+Combine.swift */ = {isa = PBXFileReference; lastKnownFileType = sourcecode.swift; path = "XCTestCase+Combine.swift"; sourceTree = "<group>"; };
		172F3B5525CB326100B5F199 /* HealthKitActivityServiceTests.swift */ = {isa = PBXFileReference; lastKnownFileType = sourcecode.swift; path = HealthKitActivityServiceTests.swift; sourceTree = "<group>"; };
		1749790B25DD75FF0060D612 /* FlatList.swift */ = {isa = PBXFileReference; lastKnownFileType = sourcecode.swift; path = FlatList.swift; sourceTree = "<group>"; };
		1749791025DD774B0060D612 /* ActivitySummaryView.swift */ = {isa = PBXFileReference; lastKnownFileType = sourcecode.swift; path = ActivitySummaryView.swift; sourceTree = "<group>"; };
		1749791825DD77B30060D612 /* ActivityBrowser.swift */ = {isa = PBXFileReference; lastKnownFileType = sourcecode.swift; path = ActivityBrowser.swift; sourceTree = "<group>"; };
		174B43B425D6DE0900FAC32F /* SettingsStore.swift */ = {isa = PBXFileReference; lastKnownFileType = sourcecode.swift; path = SettingsStore.swift; sourceTree = "<group>"; };
		17762E0825C102FB00BE89BD /* TriCoach.app */ = {isa = PBXFileReference; explicitFileType = wrapper.application; includeInIndex = 0; path = TriCoach.app; sourceTree = BUILT_PRODUCTS_DIR; };
		17762E0B25C102FB00BE89BD /* TriCoachApp.swift */ = {isa = PBXFileReference; lastKnownFileType = sourcecode.swift; path = TriCoachApp.swift; sourceTree = "<group>"; };
		17762E0D25C102FB00BE89BD /* ActivityCatalogView.swift */ = {isa = PBXFileReference; lastKnownFileType = sourcecode.swift; path = ActivityCatalogView.swift; sourceTree = "<group>"; };
		17762E0F25C102FC00BE89BD /* Assets.xcassets */ = {isa = PBXFileReference; lastKnownFileType = folder.assetcatalog; path = Assets.xcassets; sourceTree = "<group>"; };
		17762E1225C102FC00BE89BD /* Preview Assets.xcassets */ = {isa = PBXFileReference; lastKnownFileType = folder.assetcatalog; path = "Preview Assets.xcassets"; sourceTree = "<group>"; };
		17762E1425C102FC00BE89BD /* Info.plist */ = {isa = PBXFileReference; lastKnownFileType = text.plist.xml; path = Info.plist; sourceTree = "<group>"; };
		17762E1925C102FC00BE89BD /* TriCoachTests.xctest */ = {isa = PBXFileReference; explicitFileType = wrapper.cfbundle; includeInIndex = 0; path = TriCoachTests.xctest; sourceTree = BUILT_PRODUCTS_DIR; };
		17762E1F25C102FC00BE89BD /* Info.plist */ = {isa = PBXFileReference; lastKnownFileType = text.plist.xml; path = Info.plist; sourceTree = "<group>"; };
		17762E2425C102FC00BE89BD /* TriCoachUITests.xctest */ = {isa = PBXFileReference; explicitFileType = wrapper.cfbundle; includeInIndex = 0; path = TriCoachUITests.xctest; sourceTree = BUILT_PRODUCTS_DIR; };
		17762E2825C102FC00BE89BD /* TriCoachUITests.swift */ = {isa = PBXFileReference; lastKnownFileType = sourcecode.swift; path = TriCoachUITests.swift; sourceTree = "<group>"; };
		17762E2A25C102FC00BE89BD /* Info.plist */ = {isa = PBXFileReference; lastKnownFileType = text.plist.xml; path = Info.plist; sourceTree = "<group>"; };
		1785C51925D44C890016B88D /* Tile.swift */ = {isa = PBXFileReference; lastKnownFileType = sourcecode.swift; path = Tile.swift; sourceTree = "<group>"; };
		178F116A25CC855D0047BC3F /* ActivityServiceRepositoryTests.swift */ = {isa = PBXFileReference; lastKnownFileType = sourcecode.swift; path = ActivityServiceRepositoryTests.swift; sourceTree = "<group>"; };
		178F117825CC987D0047BC3F /* TriCoach.entitlements */ = {isa = PBXFileReference; lastKnownFileType = text.plist.entitlements; path = TriCoach.entitlements; sourceTree = "<group>"; };
		178F117A25CC987D0047BC3F /* HealthKit.framework */ = {isa = PBXFileReference; lastKnownFileType = wrapper.framework; name = HealthKit.framework; path = System/Library/Frameworks/HealthKit.framework; sourceTree = SDKROOT; };
		179CB64D25D2DDC1001D767C /* ActivityDetailsView.swift */ = {isa = PBXFileReference; lastKnownFileType = sourcecode.swift; path = ActivityDetailsView.swift; sourceTree = "<group>"; };
		17F3346525C9E4C700FF31C9 /* GranularRelativeDateFormatter.swift */ = {isa = PBXFileReference; lastKnownFileType = sourcecode.swift; path = GranularRelativeDateFormatter.swift; sourceTree = "<group>"; };
		17FE2CE225D60048006E516D /* ActivityStore.swift */ = {isa = PBXFileReference; lastKnownFileType = sourcecode.swift; path = ActivityStore.swift; sourceTree = "<group>"; };
/* End PBXFileReference section */

/* Begin PBXFrameworksBuildPhase section */
		17762E0525C102FB00BE89BD /* Frameworks */ = {
			isa = PBXFrameworksBuildPhase;
			buildActionMask = 2147483647;
			files = (
				178F117B25CC987D0047BC3F /* HealthKit.framework in Frameworks */,
			);
			runOnlyForDeploymentPostprocessing = 0;
		};
		17762E1625C102FC00BE89BD /* Frameworks */ = {
			isa = PBXFrameworksBuildPhase;
			buildActionMask = 2147483647;
			files = (
			);
			runOnlyForDeploymentPostprocessing = 0;
		};
		17762E2125C102FC00BE89BD /* Frameworks */ = {
			isa = PBXFrameworksBuildPhase;
			buildActionMask = 2147483647;
			files = (
			);
			runOnlyForDeploymentPostprocessing = 0;
		};
/* End PBXFrameworksBuildPhase section */

/* Begin PBXGroup section */
		1729A63825D747CB00A16954 /* Activity History */ = {
			isa = PBXGroup;
			children = (
				17FE2CE225D60048006E516D /* ActivityStore.swift */,
				172DD1C325CDB928009E3A83 /* ActivityServiceRepository.swift */,
				1749791825DD77B30060D612 /* ActivityBrowser.swift */,
				176215AE25DED38F00E7081B /* Catalog */,
				179CB64C25D2DDAC001D767C /* Activity Details */,
			);
			path = "Activity History";
			sourceTree = "<group>";
		};
		172F3B2D25CA245B00B5F199 /* Test Doubles */ = {
			isa = PBXGroup;
			children = (
				172F3B3F25CA250400B5F199 /* MockActivityRepository.swift */,
			);
			path = "Test Doubles";
			sourceTree = "<group>";
		};
		172F3B3625CA249D00B5F199 /* Utilities */ = {
			isa = PBXGroup;
			children = (
				172F3B2E25CA248200B5F199 /* Activity+TestHelpers.swift */,
				172F3B3A25CA24D800B5F199 /* Date+TestHelpers.swift */,
				172F3B4425CA253000B5F199 /* XCTestCase+Combine.swift */,
			);
			path = Utilities;
			sourceTree = "<group>";
		};
		176215AE25DED38F00E7081B /* Catalog */ = {
			isa = PBXGroup;
			children = (
				17762E0D25C102FB00BE89BD /* ActivityCatalogView.swift */,
				1749791025DD774B0060D612 /* ActivitySummaryView.swift */,
			);
			path = Catalog;
			sourceTree = "<group>";
		};
		176215B525DED3D800E7081B /* Shared */ = {
			isa = PBXGroup;
			children = (
				172EA17925C32B4300A18196 /* Activity.swift */,
			);
			path = Shared;
			sourceTree = "<group>";
		};
		176215B925DED3FB00E7081B /* Settings */ = {
			isa = PBXGroup;
			children = (
				174B43B425D6DE0900FAC32F /* SettingsStore.swift */,
			);
			path = Settings;
			sourceTree = "<group>";
		};
		17762DFF25C102FB00BE89BD = {
			isa = PBXGroup;
			children = (
				17762E0A25C102FB00BE89BD /* TriCoach */,
				17762E1C25C102FC00BE89BD /* TriCoachTests */,
				17762E2725C102FC00BE89BD /* TriCoachUITests */,
				17762E0925C102FB00BE89BD /* Products */,
				178F117925CC987D0047BC3F /* Frameworks */,
			);
			sourceTree = "<group>";
		};
		17762E0925C102FB00BE89BD /* Products */ = {
			isa = PBXGroup;
			children = (
				17762E0825C102FB00BE89BD /* TriCoach.app */,
				17762E1925C102FC00BE89BD /* TriCoachTests.xctest */,
				17762E2425C102FC00BE89BD /* TriCoachUITests.xctest */,
			);
			name = Products;
			sourceTree = "<group>";
		};
		17762E0A25C102FB00BE89BD /* TriCoach */ = {
			isa = PBXGroup;
			children = (
				178F117825CC987D0047BC3F /* TriCoach.entitlements */,
				17762E0B25C102FB00BE89BD /* TriCoachApp.swift */,
				1718D03D25DC3B47005F919A /* TriCoach.swift */,
				172EA16525C2534000A18196 /* PreviewData.swift */,
				176215B525DED3D800E7081B /* Shared */,
				1729A63825D747CB00A16954 /* Activity History */,
				176215B925DED3FB00E7081B /* Settings */,
				17F3346425C9E4A600FF31C9 /* Utilities */,
				17762E0F25C102FC00BE89BD /* Assets.xcassets */,
				17762E1425C102FC00BE89BD /* Info.plist */,
				17762E1125C102FC00BE89BD /* Preview Content */,
			);
			path = TriCoach;
			sourceTree = "<group>";
		};
		17762E1125C102FC00BE89BD /* Preview Content */ = {
			isa = PBXGroup;
			children = (
				17762E1225C102FC00BE89BD /* Preview Assets.xcassets */,
			);
			path = "Preview Content";
			sourceTree = "<group>";
		};
		17762E1C25C102FC00BE89BD /* TriCoachTests */ = {
			isa = PBXGroup;
			children = (
				172EA17425C256B000A18196 /* ActivityCatalogViewModelTests.swift */,
				172F3B5525CB326100B5F199 /* HealthKitActivityServiceTests.swift */,
				178F116A25CC855D0047BC3F /* ActivityServiceRepositoryTests.swift */,
				172F3B3625CA249D00B5F199 /* Utilities */,
				172F3B2D25CA245B00B5F199 /* Test Doubles */,
				17762E1F25C102FC00BE89BD /* Info.plist */,
			);
			path = TriCoachTests;
			sourceTree = "<group>";
		};
		17762E2725C102FC00BE89BD /* TriCoachUITests */ = {
			isa = PBXGroup;
			children = (
				17762E2825C102FC00BE89BD /* TriCoachUITests.swift */,
				17762E2A25C102FC00BE89BD /* Info.plist */,
			);
			path = TriCoachUITests;
			sourceTree = "<group>";
		};
		178F117925CC987D0047BC3F /* Frameworks */ = {
			isa = PBXGroup;
			children = (
				178F117A25CC987D0047BC3F /* HealthKit.framework */,
			);
			name = Frameworks;
			sourceTree = "<group>";
		};
		179CB64C25D2DDAC001D767C /* Activity Details */ = {
			isa = PBXGroup;
			children = (
				179CB64D25D2DDC1001D767C /* ActivityDetailsView.swift */,
			);
			path = "Activity Details";
			sourceTree = "<group>";
		};
		17F3346425C9E4A600FF31C9 /* Utilities */ = {
			isa = PBXGroup;
			children = (
				17F3346525C9E4C700FF31C9 /* GranularRelativeDateFormatter.swift */,
				172F3B2825CA20A100B5F199 /* MeasurementFormatter+Sports.swift */,
				172DD1BE25CDB8F5009E3A83 /* Color+TriCoach.swift */,
				1785C51925D44C890016B88D /* Tile.swift */,
				1749790B25DD75FF0060D612 /* FlatList.swift */,
				172BC67D25E1CBCB00397448 /* LegacyMap.swift */,
			);
			path = Utilities;
			sourceTree = "<group>";
		};
/* End PBXGroup section */

/* Begin PBXNativeTarget section */
		17762E0725C102FB00BE89BD /* TriCoach */ = {
			isa = PBXNativeTarget;
			buildConfigurationList = 17762E2D25C102FC00BE89BD /* Build configuration list for PBXNativeTarget "TriCoach" */;
			buildPhases = (
				17762E0425C102FB00BE89BD /* Sources */,
				17762E0525C102FB00BE89BD /* Frameworks */,
				17762E0625C102FB00BE89BD /* Resources */,
			);
			buildRules = (
			);
			dependencies = (
			);
			name = TriCoach;
			productName = TriCoach;
			productReference = 17762E0825C102FB00BE89BD /* TriCoach.app */;
			productType = "com.apple.product-type.application";
		};
		17762E1825C102FC00BE89BD /* TriCoachTests */ = {
			isa = PBXNativeTarget;
			buildConfigurationList = 17762E3025C102FC00BE89BD /* Build configuration list for PBXNativeTarget "TriCoachTests" */;
			buildPhases = (
				17762E1525C102FC00BE89BD /* Sources */,
				17762E1625C102FC00BE89BD /* Frameworks */,
				17762E1725C102FC00BE89BD /* Resources */,
			);
			buildRules = (
			);
			dependencies = (
				17762E1B25C102FC00BE89BD /* PBXTargetDependency */,
			);
			name = TriCoachTests;
			productName = TriCoachTests;
			productReference = 17762E1925C102FC00BE89BD /* TriCoachTests.xctest */;
			productType = "com.apple.product-type.bundle.unit-test";
		};
		17762E2325C102FC00BE89BD /* TriCoachUITests */ = {
			isa = PBXNativeTarget;
			buildConfigurationList = 17762E3325C102FC00BE89BD /* Build configuration list for PBXNativeTarget "TriCoachUITests" */;
			buildPhases = (
				17762E2025C102FC00BE89BD /* Sources */,
				17762E2125C102FC00BE89BD /* Frameworks */,
				17762E2225C102FC00BE89BD /* Resources */,
			);
			buildRules = (
			);
			dependencies = (
				17762E2625C102FC00BE89BD /* PBXTargetDependency */,
			);
			name = TriCoachUITests;
			productName = TriCoachUITests;
			productReference = 17762E2425C102FC00BE89BD /* TriCoachUITests.xctest */;
			productType = "com.apple.product-type.bundle.ui-testing";
		};
/* End PBXNativeTarget section */

/* Begin PBXProject section */
		17762E0025C102FB00BE89BD /* Project object */ = {
			isa = PBXProject;
			attributes = {
				LastSwiftUpdateCheck = 1230;
				LastUpgradeCheck = 1230;
				TargetAttributes = {
					17762E0725C102FB00BE89BD = {
						CreatedOnToolsVersion = 12.3;
					};
					17762E1825C102FC00BE89BD = {
						CreatedOnToolsVersion = 12.3;
						TestTargetID = 17762E0725C102FB00BE89BD;
					};
					17762E2325C102FC00BE89BD = {
						CreatedOnToolsVersion = 12.3;
						TestTargetID = 17762E0725C102FB00BE89BD;
					};
				};
			};
			buildConfigurationList = 17762E0325C102FB00BE89BD /* Build configuration list for PBXProject "TriCoach" */;
			compatibilityVersion = "Xcode 9.3";
			developmentRegion = en;
			hasScannedForEncodings = 0;
			knownRegions = (
				en,
				Base,
			);
			mainGroup = 17762DFF25C102FB00BE89BD;
			productRefGroup = 17762E0925C102FB00BE89BD /* Products */;
			projectDirPath = "";
			projectRoot = "";
			targets = (
				17762E0725C102FB00BE89BD /* TriCoach */,
				17762E1825C102FC00BE89BD /* TriCoachTests */,
				17762E2325C102FC00BE89BD /* TriCoachUITests */,
			);
		};
/* End PBXProject section */

/* Begin PBXResourcesBuildPhase section */
		17762E0625C102FB00BE89BD /* Resources */ = {
			isa = PBXResourcesBuildPhase;
			buildActionMask = 2147483647;
			files = (
				17762E1325C102FC00BE89BD /* Preview Assets.xcassets in Resources */,
				17762E1025C102FC00BE89BD /* Assets.xcassets in Resources */,
			);
			runOnlyForDeploymentPostprocessing = 0;
		};
		17762E1725C102FC00BE89BD /* Resources */ = {
			isa = PBXResourcesBuildPhase;
			buildActionMask = 2147483647;
			files = (
			);
			runOnlyForDeploymentPostprocessing = 0;
		};
		17762E2225C102FC00BE89BD /* Resources */ = {
			isa = PBXResourcesBuildPhase;
			buildActionMask = 2147483647;
			files = (
			);
			runOnlyForDeploymentPostprocessing = 0;
		};
/* End PBXResourcesBuildPhase section */

/* Begin PBXSourcesBuildPhase section */
		17762E0425C102FB00BE89BD /* Sources */ = {
			isa = PBXSourcesBuildPhase;
			buildActionMask = 2147483647;
			files = (
				1718D03E25DC3B47005F919A /* TriCoach.swift in Sources */,
				172BC67E25E1CBCB00397448 /* LegacyMap.swift in Sources */,
				172EA17A25C32B4300A18196 /* Activity.swift in Sources */,
				1749790C25DD75FF0060D612 /* FlatList.swift in Sources */,
				17F3346625C9E4C700FF31C9 /* GranularRelativeDateFormatter.swift in Sources */,
				172DD1C425CDB928009E3A83 /* ActivityServiceRepository.swift in Sources */,
				1749791125DD774B0060D612 /* ActivitySummaryView.swift in Sources */,
				174B43B525D6DE0900FAC32F /* SettingsStore.swift in Sources */,
				1749791925DD77B30060D612 /* ActivityBrowser.swift in Sources */,
				179CB64E25D2DDC1001D767C /* ActivityDetailsView.swift in Sources */,
				172F3B2925CA20A100B5F199 /* MeasurementFormatter+Sports.swift in Sources */,
				172DD1BF25CDB8F5009E3A83 /* Color+TriCoach.swift in Sources */,
				17762E0E25C102FB00BE89BD /* ActivityCatalogView.swift in Sources */,
				17FE2CE325D60048006E516D /* ActivityStore.swift in Sources */,
				17762E0C25C102FB00BE89BD /* TriCoachApp.swift in Sources */,
				1785C51A25D44C890016B88D /* Tile.swift in Sources */,
				172EA16625C2534000A18196 /* PreviewData.swift in Sources */,
			);
			runOnlyForDeploymentPostprocessing = 0;
		};
		17762E1525C102FC00BE89BD /* Sources */ = {
			isa = PBXSourcesBuildPhase;
			buildActionMask = 2147483647;
			files = (
				172EA17525C256B000A18196 /* ActivityCatalogViewModelTests.swift in Sources */,
				172F3B3B25CA24D800B5F199 /* Date+TestHelpers.swift in Sources */,
				178F116B25CC855D0047BC3F /* ActivityServiceRepositoryTests.swift in Sources */,
				172F3B4525CA253000B5F199 /* XCTestCase+Combine.swift in Sources */,
				172F3B5625CB326100B5F199 /* HealthKitActivityServiceTests.swift in Sources */,
				172F3B2F25CA248200B5F199 /* Activity+TestHelpers.swift in Sources */,
				172F3B4025CA250400B5F199 /* MockActivityRepository.swift in Sources */,
			);
			runOnlyForDeploymentPostprocessing = 0;
		};
		17762E2025C102FC00BE89BD /* Sources */ = {
			isa = PBXSourcesBuildPhase;
			buildActionMask = 2147483647;
			files = (
				17762E2925C102FC00BE89BD /* TriCoachUITests.swift in Sources */,
			);
			runOnlyForDeploymentPostprocessing = 0;
		};
/* End PBXSourcesBuildPhase section */

/* Begin PBXTargetDependency section */
		17762E1B25C102FC00BE89BD /* PBXTargetDependency */ = {
			isa = PBXTargetDependency;
			target = 17762E0725C102FB00BE89BD /* TriCoach */;
			targetProxy = 17762E1A25C102FC00BE89BD /* PBXContainerItemProxy */;
		};
		17762E2625C102FC00BE89BD /* PBXTargetDependency */ = {
			isa = PBXTargetDependency;
			target = 17762E0725C102FB00BE89BD /* TriCoach */;
			targetProxy = 17762E2525C102FC00BE89BD /* PBXContainerItemProxy */;
		};
/* End PBXTargetDependency section */

/* Begin XCBuildConfiguration section */
		17762E2B25C102FC00BE89BD /* Debug */ = {
			isa = XCBuildConfiguration;
			buildSettings = {
				ALWAYS_SEARCH_USER_PATHS = NO;
				CLANG_ANALYZER_NONNULL = YES;
				CLANG_ANALYZER_NUMBER_OBJECT_CONVERSION = YES_AGGRESSIVE;
				CLANG_CXX_LANGUAGE_STANDARD = "gnu++14";
				CLANG_CXX_LIBRARY = "libc++";
				CLANG_ENABLE_MODULES = YES;
				CLANG_ENABLE_OBJC_ARC = YES;
				CLANG_ENABLE_OBJC_WEAK = YES;
				CLANG_WARN_BLOCK_CAPTURE_AUTORELEASING = YES;
				CLANG_WARN_BOOL_CONVERSION = YES;
				CLANG_WARN_COMMA = YES;
				CLANG_WARN_CONSTANT_CONVERSION = YES;
				CLANG_WARN_DEPRECATED_OBJC_IMPLEMENTATIONS = YES;
				CLANG_WARN_DIRECT_OBJC_ISA_USAGE = YES_ERROR;
				CLANG_WARN_DOCUMENTATION_COMMENTS = YES;
				CLANG_WARN_EMPTY_BODY = YES;
				CLANG_WARN_ENUM_CONVERSION = YES;
				CLANG_WARN_INFINITE_RECURSION = YES;
				CLANG_WARN_INT_CONVERSION = YES;
				CLANG_WARN_NON_LITERAL_NULL_CONVERSION = YES;
				CLANG_WARN_OBJC_IMPLICIT_RETAIN_SELF = YES;
				CLANG_WARN_OBJC_LITERAL_CONVERSION = YES;
				CLANG_WARN_OBJC_ROOT_CLASS = YES_ERROR;
				CLANG_WARN_QUOTED_INCLUDE_IN_FRAMEWORK_HEADER = YES;
				CLANG_WARN_RANGE_LOOP_ANALYSIS = YES;
				CLANG_WARN_STRICT_PROTOTYPES = YES;
				CLANG_WARN_SUSPICIOUS_MOVE = YES;
				CLANG_WARN_UNGUARDED_AVAILABILITY = YES_AGGRESSIVE;
				CLANG_WARN_UNREACHABLE_CODE = YES;
				CLANG_WARN__DUPLICATE_METHOD_MATCH = YES;
				COPY_PHASE_STRIP = NO;
				DEBUG_INFORMATION_FORMAT = dwarf;
				ENABLE_STRICT_OBJC_MSGSEND = YES;
				ENABLE_TESTABILITY = YES;
				GCC_C_LANGUAGE_STANDARD = gnu11;
				GCC_DYNAMIC_NO_PIC = NO;
				GCC_NO_COMMON_BLOCKS = YES;
				GCC_OPTIMIZATION_LEVEL = 0;
				GCC_PREPROCESSOR_DEFINITIONS = (
					"DEBUG=1",
					"$(inherited)",
				);
				GCC_WARN_64_TO_32_BIT_CONVERSION = YES;
				GCC_WARN_ABOUT_RETURN_TYPE = YES_ERROR;
				GCC_WARN_UNDECLARED_SELECTOR = YES;
				GCC_WARN_UNINITIALIZED_AUTOS = YES_AGGRESSIVE;
				GCC_WARN_UNUSED_FUNCTION = YES;
				GCC_WARN_UNUSED_VARIABLE = YES;
				IPHONEOS_DEPLOYMENT_TARGET = 14.3;
				MTL_ENABLE_DEBUG_INFO = INCLUDE_SOURCE;
				MTL_FAST_MATH = YES;
				ONLY_ACTIVE_ARCH = YES;
				SDKROOT = iphoneos;
				SWIFT_ACTIVE_COMPILATION_CONDITIONS = DEBUG;
				SWIFT_OPTIMIZATION_LEVEL = "-Onone";
			};
			name = Debug;
		};
		17762E2C25C102FC00BE89BD /* Release */ = {
			isa = XCBuildConfiguration;
			buildSettings = {
				ALWAYS_SEARCH_USER_PATHS = NO;
				CLANG_ANALYZER_NONNULL = YES;
				CLANG_ANALYZER_NUMBER_OBJECT_CONVERSION = YES_AGGRESSIVE;
				CLANG_CXX_LANGUAGE_STANDARD = "gnu++14";
				CLANG_CXX_LIBRARY = "libc++";
				CLANG_ENABLE_MODULES = YES;
				CLANG_ENABLE_OBJC_ARC = YES;
				CLANG_ENABLE_OBJC_WEAK = YES;
				CLANG_WARN_BLOCK_CAPTURE_AUTORELEASING = YES;
				CLANG_WARN_BOOL_CONVERSION = YES;
				CLANG_WARN_COMMA = YES;
				CLANG_WARN_CONSTANT_CONVERSION = YES;
				CLANG_WARN_DEPRECATED_OBJC_IMPLEMENTATIONS = YES;
				CLANG_WARN_DIRECT_OBJC_ISA_USAGE = YES_ERROR;
				CLANG_WARN_DOCUMENTATION_COMMENTS = YES;
				CLANG_WARN_EMPTY_BODY = YES;
				CLANG_WARN_ENUM_CONVERSION = YES;
				CLANG_WARN_INFINITE_RECURSION = YES;
				CLANG_WARN_INT_CONVERSION = YES;
				CLANG_WARN_NON_LITERAL_NULL_CONVERSION = YES;
				CLANG_WARN_OBJC_IMPLICIT_RETAIN_SELF = YES;
				CLANG_WARN_OBJC_LITERAL_CONVERSION = YES;
				CLANG_WARN_OBJC_ROOT_CLASS = YES_ERROR;
				CLANG_WARN_QUOTED_INCLUDE_IN_FRAMEWORK_HEADER = YES;
				CLANG_WARN_RANGE_LOOP_ANALYSIS = YES;
				CLANG_WARN_STRICT_PROTOTYPES = YES;
				CLANG_WARN_SUSPICIOUS_MOVE = YES;
				CLANG_WARN_UNGUARDED_AVAILABILITY = YES_AGGRESSIVE;
				CLANG_WARN_UNREACHABLE_CODE = YES;
				CLANG_WARN__DUPLICATE_METHOD_MATCH = YES;
				COPY_PHASE_STRIP = NO;
				DEBUG_INFORMATION_FORMAT = "dwarf-with-dsym";
				ENABLE_NS_ASSERTIONS = NO;
				ENABLE_STRICT_OBJC_MSGSEND = YES;
				GCC_C_LANGUAGE_STANDARD = gnu11;
				GCC_NO_COMMON_BLOCKS = YES;
				GCC_WARN_64_TO_32_BIT_CONVERSION = YES;
				GCC_WARN_ABOUT_RETURN_TYPE = YES_ERROR;
				GCC_WARN_UNDECLARED_SELECTOR = YES;
				GCC_WARN_UNINITIALIZED_AUTOS = YES_AGGRESSIVE;
				GCC_WARN_UNUSED_FUNCTION = YES;
				GCC_WARN_UNUSED_VARIABLE = YES;
				IPHONEOS_DEPLOYMENT_TARGET = 14.3;
				MTL_ENABLE_DEBUG_INFO = NO;
				MTL_FAST_MATH = YES;
				SDKROOT = iphoneos;
				SWIFT_COMPILATION_MODE = wholemodule;
				SWIFT_OPTIMIZATION_LEVEL = "-O";
				VALIDATE_PRODUCT = YES;
			};
			name = Release;
		};
		17762E2E25C102FC00BE89BD /* Debug */ = {
			isa = XCBuildConfiguration;
			buildSettings = {
				ASSETCATALOG_COMPILER_APPICON_NAME = AppIcon;
				ASSETCATALOG_COMPILER_GLOBAL_ACCENT_COLOR_NAME = AccentColor;
				CODE_SIGN_ENTITLEMENTS = TriCoach/TriCoach.entitlements;
				CODE_SIGN_STYLE = Automatic;
				DEVELOPMENT_ASSET_PATHS = "\"TriCoach/Preview Content\"";
				DEVELOPMENT_TEAM = 9HX5X52TGA;
				ENABLE_PREVIEWS = YES;
				INFOPLIST_FILE = TriCoach/Info.plist;
				IPHONEOS_DEPLOYMENT_TARGET = 14.0;
				LD_RUNPATH_SEARCH_PATHS = (
					"$(inherited)",
					"@executable_path/Frameworks",
				);
				"OTHER_SWIFT_FLAGS[sdk=iphonesimulator*]" = "-D IOS_SIMULATOR";
				PRODUCT_BUNDLE_IDENTIFIER = com.duffneubauer.TriCoach;
				PRODUCT_NAME = "$(TARGET_NAME)";
				SWIFT_VERSION = 5.0;
				TARGETED_DEVICE_FAMILY = "1,2";
			};
			name = Debug;
		};
		17762E2F25C102FC00BE89BD /* Release */ = {
			isa = XCBuildConfiguration;
			buildSettings = {
				ASSETCATALOG_COMPILER_APPICON_NAME = AppIcon;
				ASSETCATALOG_COMPILER_GLOBAL_ACCENT_COLOR_NAME = AccentColor;
				CODE_SIGN_ENTITLEMENTS = TriCoach/TriCoach.entitlements;
				CODE_SIGN_STYLE = Automatic;
				DEVELOPMENT_ASSET_PATHS = "\"TriCoach/Preview Content\"";
				DEVELOPMENT_TEAM = 9HX5X52TGA;
				ENABLE_PREVIEWS = YES;
				INFOPLIST_FILE = TriCoach/Info.plist;
				IPHONEOS_DEPLOYMENT_TARGET = 14.0;
				LD_RUNPATH_SEARCH_PATHS = (
					"$(inherited)",
					"@executable_path/Frameworks",
				);
				PRODUCT_BUNDLE_IDENTIFIER = com.duffneubauer.TriCoach;
				PRODUCT_NAME = "$(TARGET_NAME)";
				SWIFT_VERSION = 5.0;
				TARGETED_DEVICE_FAMILY = "1,2";
			};
			name = Release;
		};
		17762E3125C102FC00BE89BD /* Debug */ = {
			isa = XCBuildConfiguration;
			buildSettings = {
				ALWAYS_EMBED_SWIFT_STANDARD_LIBRARIES = YES;
				BUNDLE_LOADER = "$(TEST_HOST)";
				CODE_SIGN_STYLE = Automatic;
				DEVELOPMENT_TEAM = 9HX5X52TGA;
				INFOPLIST_FILE = TriCoachTests/Info.plist;
				IPHONEOS_DEPLOYMENT_TARGET = 14.0;
				LD_RUNPATH_SEARCH_PATHS = (
					"$(inherited)",
					"@executable_path/Frameworks",
					"@loader_path/Frameworks",
				);
				PRODUCT_BUNDLE_IDENTIFIER = com.duffneubauer.TriCoachTests;
				PRODUCT_NAME = "$(TARGET_NAME)";
				SWIFT_VERSION = 5.0;
				TARGETED_DEVICE_FAMILY = "1,2";
				TEST_HOST = "$(BUILT_PRODUCTS_DIR)/TriCoach.app/TriCoach";
			};
			name = Debug;
		};
		17762E3225C102FC00BE89BD /* Release */ = {
			isa = XCBuildConfiguration;
			buildSettings = {
				ALWAYS_EMBED_SWIFT_STANDARD_LIBRARIES = YES;
				BUNDLE_LOADER = "$(TEST_HOST)";
				CODE_SIGN_STYLE = Automatic;
				DEVELOPMENT_TEAM = 9HX5X52TGA;
				INFOPLIST_FILE = TriCoachTests/Info.plist;
				IPHONEOS_DEPLOYMENT_TARGET = 14.0;
				LD_RUNPATH_SEARCH_PATHS = (
					"$(inherited)",
					"@executable_path/Frameworks",
					"@loader_path/Frameworks",
				);
				PRODUCT_BUNDLE_IDENTIFIER = com.duffneubauer.TriCoachTests;
				PRODUCT_NAME = "$(TARGET_NAME)";
				SWIFT_VERSION = 5.0;
				TARGETED_DEVICE_FAMILY = "1,2";
				TEST_HOST = "$(BUILT_PRODUCTS_DIR)/TriCoach.app/TriCoach";
			};
			name = Release;
		};
		17762E3425C102FC00BE89BD /* Debug */ = {
			isa = XCBuildConfiguration;
			buildSettings = {
				ALWAYS_EMBED_SWIFT_STANDARD_LIBRARIES = YES;
				CODE_SIGN_STYLE = Automatic;
				DEVELOPMENT_TEAM = 9HX5X52TGA;
				INFOPLIST_FILE = TriCoachUITests/Info.plist;
				LD_RUNPATH_SEARCH_PATHS = (
					"$(inherited)",
					"@executable_path/Frameworks",
					"@loader_path/Frameworks",
				);
				PRODUCT_BUNDLE_IDENTIFIER = com.duffneubauer.TriCoachUITests;
				PRODUCT_NAME = "$(TARGET_NAME)";
				SWIFT_VERSION = 5.0;
				TARGETED_DEVICE_FAMILY = "1,2";
				TEST_TARGET_NAME = TriCoach;
			};
			name = Debug;
		};
		17762E3525C102FC00BE89BD /* Release */ = {
			isa = XCBuildConfiguration;
			buildSettings = {
				ALWAYS_EMBED_SWIFT_STANDARD_LIBRARIES = YES;
				CODE_SIGN_STYLE = Automatic;
				DEVELOPMENT_TEAM = 9HX5X52TGA;
				INFOPLIST_FILE = TriCoachUITests/Info.plist;
				LD_RUNPATH_SEARCH_PATHS = (
					"$(inherited)",
					"@executable_path/Frameworks",
					"@loader_path/Frameworks",
				);
				PRODUCT_BUNDLE_IDENTIFIER = com.duffneubauer.TriCoachUITests;
				PRODUCT_NAME = "$(TARGET_NAME)";
				SWIFT_VERSION = 5.0;
				TARGETED_DEVICE_FAMILY = "1,2";
				TEST_TARGET_NAME = TriCoach;
			};
			name = Release;
		};
/* End XCBuildConfiguration section */

/* Begin XCConfigurationList section */
		17762E0325C102FB00BE89BD /* Build configuration list for PBXProject "TriCoach" */ = {
			isa = XCConfigurationList;
			buildConfigurations = (
				17762E2B25C102FC00BE89BD /* Debug */,
				17762E2C25C102FC00BE89BD /* Release */,
			);
			defaultConfigurationIsVisible = 0;
			defaultConfigurationName = Release;
		};
		17762E2D25C102FC00BE89BD /* Build configuration list for PBXNativeTarget "TriCoach" */ = {
			isa = XCConfigurationList;
			buildConfigurations = (
				17762E2E25C102FC00BE89BD /* Debug */,
				17762E2F25C102FC00BE89BD /* Release */,
			);
			defaultConfigurationIsVisible = 0;
			defaultConfigurationName = Release;
		};
		17762E3025C102FC00BE89BD /* Build configuration list for PBXNativeTarget "TriCoachTests" */ = {
			isa = XCConfigurationList;
			buildConfigurations = (
				17762E3125C102FC00BE89BD /* Debug */,
				17762E3225C102FC00BE89BD /* Release */,
			);
			defaultConfigurationIsVisible = 0;
			defaultConfigurationName = Release;
		};
		17762E3325C102FC00BE89BD /* Build configuration list for PBXNativeTarget "TriCoachUITests" */ = {
			isa = XCConfigurationList;
			buildConfigurations = (
				17762E3425C102FC00BE89BD /* Debug */,
				17762E3525C102FC00BE89BD /* Release */,
			);
			defaultConfigurationIsVisible = 0;
			defaultConfigurationName = Release;
		};
/* End XCConfigurationList section */
	};
	rootObject = 17762E0025C102FB00BE89BD /* Project object */;
}
